
Microsoft Visual Studio Solution File, Format Version 12.00
# Visual Studio Version 16
VisualStudioVersion = 16.0.33027.164
MinimumVisualStudioVersion = 10.0.40219.1
Project("{2150E333-8FDC-42A3-9474-1A3956D46DE8}") = "0 - Presentation", "0 - Presentation", "{F0A912BF-94A0-4BF5-AC1E-99836B2403C1}"
EndProject
Project("{2150E333-8FDC-42A3-9474-1A3956D46DE8}") = "1 - API", "1 - API", "{EB0C388F-30C4-4B1A-A0B4-E95A8C9B4CB0}"
EndProject
Project("{2150E333-8FDC-42A3-9474-1A3956D46DE8}") = "2 - Application", "2 - Application", "{754E2436-9911-4343-9BDA-9B240B3FABF8}"
EndProject
Project("{2150E333-8FDC-42A3-9474-1A3956D46DE8}") = "3 - Domain", "3 - Domain", "{16507740-3218-4348-8D19-9EC66BCCED75}"
EndProject
Project("{2150E333-8FDC-42A3-9474-1A3956D46DE8}") = "4 - Infra", "4 - Infra", "{86D54B70-0E8F-470E-8D58-A9C4EFD4ECA7}"
EndProject
Project("{2150E333-8FDC-42A3-9474-1A3956D46DE8}") = "4.1 - Data", "4.1 - Data", "{F87C308D-45DB-4A89-AD6D-7B7CD591456A}"
EndProject
Project("{2150E333-8FDC-42A3-9474-1A3956D46DE8}") = "4.2 - CrossCuting", "4.2 - CrossCuting", "{CA6F8E3D-A4AE-48A9-AEA5-9CDBE6138D33}"
EndProject
Project("{FAE04EC0-301F-11D3-BF4B-00C04F79EFBC}") = "TopSys.TopConWeb.Domain", "TopSys.TopConWeb.Domain\TopSys.TopConWeb.Domain.csproj", "{B94150AC-4F07-44CE-9494-206E3E7DEF13}"
EndProject
Project("{FAE04EC0-301F-11D3-BF4B-00C04F79EFBC}") = "TopSys.TopConWeb.Infra.Data", "TopSys.TopConWeb.Infra.Data\TopSys.TopConWeb.Infra.Data.csproj", "{D9BACF4C-E567-46BE-A54C-8EB8562281F2}"
EndProject
Project("{FAE04EC0-301F-11D3-BF4B-00C04F79EFBC}") = "TopSys.TopConWeb.Application", "TopSys.TopConWeb.Application\TopSys.TopConWeb.Application.csproj", "{C6B07B45-9E72-4C80-AD31-DF42BE8AF131}"
EndProject
Project("{FAE04EC0-301F-11D3-BF4B-00C04F79EFBC}") = "TopSys.TopConWeb.Presentation", "TopSys.TopConWeb.Presentation\TopSys.TopConWeb.Presentation.csproj", "{F225C68E-6A9B-46DF-A361-86070D48F2E2}"
EndProject
Project("{FAE04EC0-301F-11D3-BF4B-00C04F79EFBC}") = "TopSys.TopConWeb.Infra.CrossCuting", "TopSys.TopConWeb.Infra.CrossCuting\TopSys.TopConWeb.Infra.CrossCuting.csproj", "{C2D3DDAD-C7A3-4D70-B9CD-FFCF2F8FC7BC}"
EndProject
Project("{FAE04EC0-301F-11D3-BF4B-00C04F79EFBC}") = "TopSys.TopConWeb.API", "TopSys.TopConWeb.API\TopSys.TopConWeb.API.csproj", "{CFB454AA-A52E-41B2-8756-4894FABE8A26}"
EndProject
Project("{FAE04EC0-301F-11D3-BF4B-00C04F79EFBC}") = "TopSys.TopConWeb.SharedKernel", "Topsys.TopConWeb.SharedKernel\TopSys.TopConWeb.SharedKernel.csproj", "{89EC4D58-647D-47DA-8FA2-CC6E4DB8E818}"
EndProject
Project("{2150E333-8FDC-42A3-9474-1A3956D46DE8}") = "5 - Tests", "5 - Tests", "{9CE91AC3-56CE-4401-A96F-80D75DBE0DD3}"
EndProject
Project("{2150E333-8FDC-42A3-9474-1A3956D46DE8}") = "4.3 - Legacy", "4.3 - Legacy", "{9AF49BF0-1B79-4E58-8754-AC51345C31DD}"
EndProject
Project("{FAE04EC0-301F-11D3-BF4B-00C04F79EFBC}") = "TopSys.TopConWeb.Infra.Legacy", "TopSys.TopConWeb.Infra.Legacy\TopSys.TopConWeb.Infra.Legacy.csproj", "{18D118D4-A04D-4D0C-BF61-7A62251B77E0}"
EndProject
Project("{2150E333-8FDC-42A3-9474-1A3956D46DE8}") = "4.4 - Integrations", "4.4 - Integrations", "{7C27265B-A9A0-49AD-BDB9-CA7D56361B3B}"
EndProject
Project("{FAE04EC0-301F-11D3-BF4B-00C04F79EFBC}") = "TopSys.TopConWeb.Infra.Integrations", "TopSys.TopConWeb.Infra.Integrations\TopSys.TopConWeb.Infra.Integrations.csproj", "{E21825EF-A779-4518-AEB3-0115B02C3370}"
EndProject
Project("{2150E333-8FDC-42A3-9474-1A3956D46DE8}") = "4.5 - Reports", "4.5 - Reports", "{89B80451-ACFE-4EDA-B09A-43D2F3A70677}"
EndProject
Project("{FAE04EC0-301F-11D3-BF4B-00C04F79EFBC}") = "TopSys.TopConWeb.Infra.Reports", "TopSys.TopConWeb.Infra.Reports\TopSys.TopConWeb.Infra.Reports.csproj", "{CBF999EC-5FD2-4CEA-AB1A-EF23E3311CE7}"
EndProject
Project("{2150E333-8FDC-42A3-9474-1A3956D46DE8}") = "5.2 - Integration", "5.2 - Integration", "{02EA681E-C7D8-13C7-8484-4AC65E1B71E8}"
EndProject
Project("{2150E333-8FDC-42A3-9474-1A3956D46DE8}") = "5.1 - Units", "5.1 - Units", "{EB255F67-0B06-437D-8434-BC39A4509BE9}"
EndProject
Project("{FAE04EC0-301F-11D3-BF4B-00C04F79EFBC}") = "TopSys.TopConWeb.Test.Integration", "TopSys.TopConWeb.Test.Integration\TopSys.TopConWeb.Test.Integration.csproj", "{8C97C0FC-6AD2-4FF0-96F7-F1FBE435623B}"
EndProject
Global
	GlobalSection(SolutionConfigurationPlatforms) = preSolution
		Debug|Any CPU = Debug|Any CPU
		Release|Any CPU = Release|Any CPU
	EndGlobalSection
	GlobalSection(ProjectConfigurationPlatforms) = postSolution
		{B94150AC-4F07-44CE-9494-206E3E7DEF13}.Debug|Any CPU.ActiveCfg = Debug|Any CPU
		{B94150AC-4F07-44CE-9494-206E3E7DEF13}.Debug|Any CPU.Build.0 = Debug|Any CPU
		{B94150AC-4F07-44CE-9494-206E3E7DEF13}.Release|Any CPU.ActiveCfg = Release|Any CPU
		{B94150AC-4F07-44CE-9494-206E3E7DEF13}.Release|Any CPU.Build.0 = Release|Any CPU
		{D9BACF4C-E567-46BE-A54C-8EB8562281F2}.Debug|Any CPU.ActiveCfg = Debug|Any CPU
		{D9BACF4C-E567-46BE-A54C-8EB8562281F2}.Debug|Any CPU.Build.0 = Debug|Any CPU
		{D9BACF4C-E567-46BE-A54C-8EB8562281F2}.Release|Any CPU.ActiveCfg = Release|Any CPU
		{D9BACF4C-E567-46BE-A54C-8EB8562281F2}.Release|Any CPU.Build.0 = Release|Any CPU
		{C6B07B45-9E72-4C80-AD31-DF42BE8AF131}.Debug|Any CPU.ActiveCfg = Debug|Any CPU
		{C6B07B45-9E72-4C80-AD31-DF42BE8AF131}.Debug|Any CPU.Build.0 = Debug|Any CPU
		{C6B07B45-9E72-4C80-AD31-DF42BE8AF131}.Release|Any CPU.ActiveCfg = Release|Any CPU
		{C6B07B45-9E72-4C80-AD31-DF42BE8AF131}.Release|Any CPU.Build.0 = Release|Any CPU
		{F225C68E-6A9B-46DF-A361-86070D48F2E2}.Debug|Any CPU.ActiveCfg = Debug|Any CPU
		{F225C68E-6A9B-46DF-A361-86070D48F2E2}.Debug|Any CPU.Build.0 = Debug|Any CPU
		{F225C68E-6A9B-46DF-A361-86070D48F2E2}.Release|Any CPU.ActiveCfg = Release|Any CPU
		{F225C68E-6A9B-46DF-A361-86070D48F2E2}.Release|Any CPU.Build.0 = Release|Any CPU
		{C2D3DDAD-C7A3-4D70-B9CD-FFCF2F8FC7BC}.Debug|Any CPU.ActiveCfg = Debug|Any CPU
		{C2D3DDAD-C7A3-4D70-B9CD-FFCF2F8FC7BC}.Debug|Any CPU.Build.0 = Debug|Any CPU
		{C2D3DDAD-C7A3-4D70-B9CD-FFCF2F8FC7BC}.Release|Any CPU.ActiveCfg = Release|Any CPU
		{C2D3DDAD-C7A3-4D70-B9CD-FFCF2F8FC7BC}.Release|Any CPU.Build.0 = Release|Any CPU
		{CFB454AA-A52E-41B2-8756-4894FABE8A26}.Debug|Any CPU.ActiveCfg = Debug|Any CPU
		{CFB454AA-A52E-41B2-8756-4894FABE8A26}.Debug|Any CPU.Build.0 = Debug|Any CPU
		{CFB454AA-A52E-41B2-8756-4894FABE8A26}.Release|Any CPU.ActiveCfg = Release|Any CPU
		{CFB454AA-A52E-41B2-8756-4894FABE8A26}.Release|Any CPU.Build.0 = Release|Any CPU
		{89EC4D58-647D-47DA-8FA2-CC6E4DB8E818}.Debug|Any CPU.ActiveCfg = Debug|Any CPU
		{89EC4D58-647D-47DA-8FA2-CC6E4DB8E818}.Debug|Any CPU.Build.0 = Debug|Any CPU
		{89EC4D58-647D-47DA-8FA2-CC6E4DB8E818}.Release|Any CPU.ActiveCfg = Release|Any CPU
		{89EC4D58-647D-47DA-8FA2-CC6E4DB8E818}.Release|Any CPU.Build.0 = Release|Any CPU
		{18D118D4-A04D-4D0C-BF61-7A62251B77E0}.Debug|Any CPU.ActiveCfg = Debug|Any CPU
		{18D118D4-A04D-4D0C-BF61-7A62251B77E0}.Debug|Any CPU.Build.0 = Debug|Any CPU
		{18D118D4-A04D-4D0C-BF61-7A62251B77E0}.Release|Any CPU.ActiveCfg = Release|Any CPU
		{18D118D4-A04D-4D0C-BF61-7A62251B77E0}.Release|Any CPU.Build.0 = Release|Any CPU
		{E21825EF-A779-4518-AEB3-0115B02C3370}.Debug|Any CPU.ActiveCfg = Debug|Any CPU
		{E21825EF-A779-4518-AEB3-0115B02C3370}.Debug|Any CPU.Build.0 = Debug|Any CPU
		{E21825EF-A779-4518-AEB3-0115B02C3370}.Release|Any CPU.ActiveCfg = Release|Any CPU
		{E21825EF-A779-4518-AEB3-0115B02C3370}.Release|Any CPU.Build.0 = Release|Any CPU
		{CBF999EC-5FD2-4CEA-AB1A-EF23E3311CE7}.Debug|Any CPU.ActiveCfg = Debug|Any CPU
		{CBF999EC-5FD2-4CEA-AB1A-EF23E3311CE7}.Debug|Any CPU.Build.0 = Debug|Any CPU
		{CBF999EC-5FD2-4CEA-AB1A-EF23E3311CE7}.Release|Any CPU.ActiveCfg = Release|Any CPU
		{CBF999EC-5FD2-4CEA-AB1A-EF23E3311CE7}.Release|Any CPU.Build.0 = Release|Any CPU
		{8C97C0FC-6AD2-4FF0-96F7-F1FBE435623B}.Debug|Any CPU.ActiveCfg = Debug|Any CPU
		{8C97C0FC-6AD2-4FF0-96F7-F1FBE435623B}.Debug|Any CPU.Build.0 = Debug|Any CPU
		{8C97C0FC-6AD2-4FF0-96F7-F1FBE435623B}.Release|Any CPU.ActiveCfg = Release|Any CPU
		{8C97C0FC-6AD2-4FF0-96F7-F1FBE435623B}.Release|Any CPU.Build.0 = Release|Any CPU
	EndGlobalSection
	GlobalSection(SolutionProperties) = preSolution
		HideSolutionNode = FALSE
	EndGlobalSection
	GlobalSection(NestedProjects) = preSolution
		{F87C308D-45DB-4A89-AD6D-7B7CD591456A} = {86D54B70-0E8F-470E-8D58-A9C4EFD4ECA7}
		{CA6F8E3D-A4AE-48A9-AEA5-9CDBE6138D33} = {86D54B70-0E8F-470E-8D58-A9C4EFD4ECA7}
		{B94150AC-4F07-44CE-9494-206E3E7DEF13} = {16507740-3218-4348-8D19-9EC66BCCED75}
		{D9BACF4C-E567-46BE-A54C-8EB8562281F2} = {F87C308D-45DB-4A89-AD6D-7B7CD591456A}
		{C6B07B45-9E72-4C80-AD31-DF42BE8AF131} = {754E2436-9911-4343-9BDA-9B240B3FABF8}
		{F225C68E-6A9B-46DF-A361-86070D48F2E2} = {F0A912BF-94A0-4BF5-AC1E-99836B2403C1}
		{C2D3DDAD-C7A3-4D70-B9CD-FFCF2F8FC7BC} = {CA6F8E3D-A4AE-48A9-AEA5-9CDBE6138D33}
		{CFB454AA-A52E-41B2-8756-4894FABE8A26} = {EB0C388F-30C4-4B1A-A0B4-E95A8C9B4CB0}
		{89EC4D58-647D-47DA-8FA2-CC6E4DB8E818} = {16507740-3218-4348-8D19-9EC66BCCED75}
		{9AF49BF0-1B79-4E58-8754-AC51345C31DD} = {86D54B70-0E8F-470E-8D58-A9C4EFD4ECA7}
		{18D118D4-A04D-4D0C-BF61-7A62251B77E0} = {9AF49BF0-1B79-4E58-8754-AC51345C31DD}
		{7C27265B-A9A0-49AD-BDB9-CA7D56361B3B} = {86D54B70-0E8F-470E-8D58-A9C4EFD4ECA7}
		{E21825EF-A779-4518-AEB3-0115B02C3370} = {7C27265B-A9A0-49AD-BDB9-CA7D56361B3B}
		{89B80451-ACFE-4EDA-B09A-43D2F3A70677} = {86D54B70-0E8F-470E-8D58-A9C4EFD4ECA7}
		{CBF999EC-5FD2-4CEA-AB1A-EF23E3311CE7} = {89B80451-ACFE-4EDA-B09A-43D2F3A70677}
		{02EA681E-C7D8-13C7-8484-4AC65E1B71E8} = {9CE91AC3-56CE-4401-A96F-80D75DBE0DD3}
		{EB255F67-0B06-437D-8434-BC39A4509BE9} = {9CE91AC3-56CE-4401-A96F-80D75DBE0DD3}
		{8C97C0FC-6AD2-4FF0-96F7-F1FBE435623B} = {02EA681E-C7D8-13C7-8484-4AC65E1B71E8}
	EndGlobalSection
	GlobalSection(ExtensibilityGlobals) = postSolution
		SolutionGuid = {0BAF30B1-6EA3-4F95-879F-315AB977E2A3}
		VisualSVNWorkingCopyRoot = .
	EndGlobalSection
EndGlobal
